
Microsoft Visual Studio Solution File, Format Version 12.00
# Visual Studio Version 17
VisualStudioVersion = 17.11.35219.272
MinimumVisualStudioVersion = 10.0.40219.1
Project("{2150E333-8FDC-42A3-9474-1A3956D46DE8}") = "src", "src", "{7223F894-BE5E-489C-8654-115BB9A5AA75}"
EndProject
Project("{2150E333-8FDC-42A3-9474-1A3956D46DE8}") = "ProfileService", "ProfileService", "{334D9F33-2936-4F56-9101-A5506EEDDB2D}"
EndProject
Project("{2150E333-8FDC-42A3-9474-1A3956D46DE8}") = "backend", "backend", "{B314DD63-676E-4EBC-AE86-9B20999404DC}"
EndProject
Project("{9A19103F-16F7-4668-BE54-9A1E7A4F7556}") = "Profile.Api", "src\backend\ProfileService\Profile.Api\Profile.Api.csproj", "{80512440-F4CA-46B8-AFA3-38F97FF3D85B}"
	ProjectSection(ProjectDependencies) = postProject
		{9BBC5875-ED54-4D4E-A194-0DCF1CFB2BF3} = {9BBC5875-ED54-4D4E-A194-0DCF1CFB2BF3}
		{AADAC14A-80C1-4899-B3BD-9F0061DF000D} = {AADAC14A-80C1-4899-B3BD-9F0061DF000D}
	EndProjectSection
EndProject
Project("{9A19103F-16F7-4668-BE54-9A1E7A4F7556}") = "Profile.Application", "src\backend\ProfileService\Profile.Application\Profile.Application.csproj", "{AADAC14A-80C1-4899-B3BD-9F0061DF000D}"
	ProjectSection(ProjectDependencies) = postProject
		{9BBC5875-ED54-4D4E-A194-0DCF1CFB2BF3} = {9BBC5875-ED54-4D4E-A194-0DCF1CFB2BF3}
	EndProjectSection
EndProject
Project("{9A19103F-16F7-4668-BE54-9A1E7A4F7556}") = "Profile.Domain", "src\backend\ProfileService\Profile.Domain\Profile.Domain.csproj", "{9BBC5875-ED54-4D4E-A194-0DCF1CFB2BF3}"
EndProject
Project("{9A19103F-16F7-4668-BE54-9A1E7A4F7556}") = "Profile.Infrastructure", "src\backend\ProfileService\Profile.Infrastructure\Profile.Infrastructure.csproj", "{5FD4F6EE-30CB-479B-8F66-00A584AF2B9E}"
	ProjectSection(ProjectDependencies) = postProject
		{9BBC5875-ED54-4D4E-A194-0DCF1CFB2BF3} = {9BBC5875-ED54-4D4E-A194-0DCF1CFB2BF3}
	EndProjectSection
EndProject
Project("{2150E333-8FDC-42A3-9474-1A3956D46DE8}") = "tests", "tests", "{D86BFA7A-B6E9-4CBA-BFC7-D66B46A5766C}"
EndProject
Project("{9A19103F-16F7-4668-BE54-9A1E7A4F7556}") = "Profile.UnitTests", "src\backend\ProfileService\tests\Profile.UnitTests\Profile.UnitTests.csproj", "{7B8130D8-DE72-409C-8173-081994C9A1C6}"
EndProject
Project("{9A19103F-16F7-4668-BE54-9A1E7A4F7556}") = "Profile.WebTests", "src\backend\ProfileService\tests\Profile.WebTests\Profile.WebTests.csproj", "{C7DFAF73-038D-42F8-8C7A-F635279D2B99}"
	ProjectSection(ProjectDependencies) = postProject
		{175C7594-3D4B-424C-9993-542DB3B29F9B} = {175C7594-3D4B-424C-9993-542DB3B29F9B}
	EndProjectSection
EndProject
Project("{E53339B2-1760-4266-BCC7-CA923CBCF16C}") = "docker-compose", "docker-compose.dcproj", "{DF09A899-0865-4507-BF0A-2AFDB279BE8D}"
EndProject
Project("{9A19103F-16F7-4668-BE54-9A1E7A4F7556}") = "CommonUtilities", "src\backend\ProfileService\tests\CommonUtilities\CommonUtilities.csproj", "{175C7594-3D4B-424C-9993-542DB3B29F9B}"
EndProject
Project("{2150E333-8FDC-42A3-9474-1A3956D46DE8}") = "CareerService", "CareerService", "{4A26E375-F9CB-4512-9746-EE912254F5E6}"
EndProject
Project("{9A19103F-16F7-4668-BE54-9A1E7A4F7556}") = "Career.Api", "src\backend\CareerService\Career.Api\Career.Api.csproj", "{420E7DD1-FD70-4CC8-B8B9-8A5B34877537}"
	ProjectSection(ProjectDependencies) = postProject
		{26240B74-8CD7-4BA1-8079-17A1606506AA} = {26240B74-8CD7-4BA1-8079-17A1606506AA}
		{71CAF493-9BF2-4EA3-9BA3-D4E8D3139C9D} = {71CAF493-9BF2-4EA3-9BA3-D4E8D3139C9D}
	EndProjectSection
EndProject
Project("{9A19103F-16F7-4668-BE54-9A1E7A4F7556}") = "Career.Application", "src\backend\CareerService\Career.Application\Career.Application.csproj", "{26240B74-8CD7-4BA1-8079-17A1606506AA}"
	ProjectSection(ProjectDependencies) = postProject
		{71CAF493-9BF2-4EA3-9BA3-D4E8D3139C9D} = {71CAF493-9BF2-4EA3-9BA3-D4E8D3139C9D}
	EndProjectSection
EndProject
Project("{9A19103F-16F7-4668-BE54-9A1E7A4F7556}") = "Career.Domain", "src\backend\CareerService\Career.Domain\Career.Domain.csproj", "{71CAF493-9BF2-4EA3-9BA3-D4E8D3139C9D}"
EndProject
Project("{9A19103F-16F7-4668-BE54-9A1E7A4F7556}") = "Career.Infrastructure", "src\backend\CareerService\Career.Infrastructure\Career.Infrastructure.csproj", "{C7E4206E-150F-40F5-8254-1B4F8DF46DB1}"
	ProjectSection(ProjectDependencies) = postProject
		{71CAF493-9BF2-4EA3-9BA3-D4E8D3139C9D} = {71CAF493-9BF2-4EA3-9BA3-D4E8D3139C9D}
	EndProjectSection
EndProject
Project("{2150E333-8FDC-42A3-9474-1A3956D46DE8}") = "Itens de Solução", "Itens de Solução", "{BE2F163A-26C0-4ACC-9F39-3E3EE0519037}"
	ProjectSection(SolutionItems) = preProject
		IssuesToSolve.txt = IssuesToSolve.txt
	EndProjectSection
EndProject
Global
	GlobalSection(SolutionConfigurationPlatforms) = preSolution
		Debug|Any CPU = Debug|Any CPU
		Release|Any CPU = Release|Any CPU
	EndGlobalSection
	GlobalSection(ProjectConfigurationPlatforms) = postSolution
		{80512440-F4CA-46B8-AFA3-38F97FF3D85B}.Debug|Any CPU.ActiveCfg = Debug|Any CPU
		{80512440-F4CA-46B8-AFA3-38F97FF3D85B}.Debug|Any CPU.Build.0 = Debug|Any CPU
		{80512440-F4CA-46B8-AFA3-38F97FF3D85B}.Release|Any CPU.ActiveCfg = Release|Any CPU
		{80512440-F4CA-46B8-AFA3-38F97FF3D85B}.Release|Any CPU.Build.0 = Release|Any CPU
		{AADAC14A-80C1-4899-B3BD-9F0061DF000D}.Debug|Any CPU.ActiveCfg = Debug|Any CPU
		{AADAC14A-80C1-4899-B3BD-9F0061DF000D}.Debug|Any CPU.Build.0 = Debug|Any CPU
		{AADAC14A-80C1-4899-B3BD-9F0061DF000D}.Release|Any CPU.ActiveCfg = Release|Any CPU
		{AADAC14A-80C1-4899-B3BD-9F0061DF000D}.Release|Any CPU.Build.0 = Release|Any CPU
		{9BBC5875-ED54-4D4E-A194-0DCF1CFB2BF3}.Debug|Any CPU.ActiveCfg = Debug|Any CPU
		{9BBC5875-ED54-4D4E-A194-0DCF1CFB2BF3}.Debug|Any CPU.Build.0 = Debug|Any CPU
		{9BBC5875-ED54-4D4E-A194-0DCF1CFB2BF3}.Release|Any CPU.ActiveCfg = Release|Any CPU
		{9BBC5875-ED54-4D4E-A194-0DCF1CFB2BF3}.Release|Any CPU.Build.0 = Release|Any CPU
		{5FD4F6EE-30CB-479B-8F66-00A584AF2B9E}.Debug|Any CPU.ActiveCfg = Debug|Any CPU
		{5FD4F6EE-30CB-479B-8F66-00A584AF2B9E}.Debug|Any CPU.Build.0 = Debug|Any CPU
		{5FD4F6EE-30CB-479B-8F66-00A584AF2B9E}.Release|Any CPU.ActiveCfg = Release|Any CPU
		{5FD4F6EE-30CB-479B-8F66-00A584AF2B9E}.Release|Any CPU.Build.0 = Release|Any CPU
		{7B8130D8-DE72-409C-8173-081994C9A1C6}.Debug|Any CPU.ActiveCfg = Debug|Any CPU
		{7B8130D8-DE72-409C-8173-081994C9A1C6}.Debug|Any CPU.Build.0 = Debug|Any CPU
		{7B8130D8-DE72-409C-8173-081994C9A1C6}.Release|Any CPU.ActiveCfg = Release|Any CPU
		{7B8130D8-DE72-409C-8173-081994C9A1C6}.Release|Any CPU.Build.0 = Release|Any CPU
		{C7DFAF73-038D-42F8-8C7A-F635279D2B99}.Debug|Any CPU.ActiveCfg = Debug|Any CPU
		{C7DFAF73-038D-42F8-8C7A-F635279D2B99}.Debug|Any CPU.Build.0 = Debug|Any CPU
		{C7DFAF73-038D-42F8-8C7A-F635279D2B99}.Release|Any CPU.ActiveCfg = Release|Any CPU
		{C7DFAF73-038D-42F8-8C7A-F635279D2B99}.Release|Any CPU.Build.0 = Release|Any CPU
		{DF09A899-0865-4507-BF0A-2AFDB279BE8D}.Debug|Any CPU.ActiveCfg = Debug|Any CPU
		{DF09A899-0865-4507-BF0A-2AFDB279BE8D}.Debug|Any CPU.Build.0 = Debug|Any CPU
		{DF09A899-0865-4507-BF0A-2AFDB279BE8D}.Release|Any CPU.ActiveCfg = Release|Any CPU
		{DF09A899-0865-4507-BF0A-2AFDB279BE8D}.Release|Any CPU.Build.0 = Release|Any CPU
		{175C7594-3D4B-424C-9993-542DB3B29F9B}.Debug|Any CPU.ActiveCfg = Debug|Any CPU
		{175C7594-3D4B-424C-9993-542DB3B29F9B}.Debug|Any CPU.Build.0 = Debug|Any CPU
		{175C7594-3D4B-424C-9993-542DB3B29F9B}.Release|Any CPU.ActiveCfg = Release|Any CPU
		{175C7594-3D4B-424C-9993-542DB3B29F9B}.Release|Any CPU.Build.0 = Release|Any CPU
		{420E7DD1-FD70-4CC8-B8B9-8A5B34877537}.Debug|Any CPU.ActiveCfg = Debug|Any CPU
		{420E7DD1-FD70-4CC8-B8B9-8A5B34877537}.Debug|Any CPU.Build.0 = Debug|Any CPU
		{420E7DD1-FD70-4CC8-B8B9-8A5B34877537}.Release|Any CPU.ActiveCfg = Release|Any CPU
		{420E7DD1-FD70-4CC8-B8B9-8A5B34877537}.Release|Any CPU.Build.0 = Release|Any CPU
		{26240B74-8CD7-4BA1-8079-17A1606506AA}.Debug|Any CPU.ActiveCfg = Debug|Any CPU
		{26240B74-8CD7-4BA1-8079-17A1606506AA}.Debug|Any CPU.Build.0 = Debug|Any CPU
		{26240B74-8CD7-4BA1-8079-17A1606506AA}.Release|Any CPU.ActiveCfg = Release|Any CPU
		{26240B74-8CD7-4BA1-8079-17A1606506AA}.Release|Any CPU.Build.0 = Release|Any CPU
		{71CAF493-9BF2-4EA3-9BA3-D4E8D3139C9D}.Debug|Any CPU.ActiveCfg = Debug|Any CPU
		{71CAF493-9BF2-4EA3-9BA3-D4E8D3139C9D}.Debug|Any CPU.Build.0 = Debug|Any CPU
		{71CAF493-9BF2-4EA3-9BA3-D4E8D3139C9D}.Release|Any CPU.ActiveCfg = Release|Any CPU
		{71CAF493-9BF2-4EA3-9BA3-D4E8D3139C9D}.Release|Any CPU.Build.0 = Release|Any CPU
		{C7E4206E-150F-40F5-8254-1B4F8DF46DB1}.Debug|Any CPU.ActiveCfg = Debug|Any CPU
		{C7E4206E-150F-40F5-8254-1B4F8DF46DB1}.Debug|Any CPU.Build.0 = Debug|Any CPU
		{C7E4206E-150F-40F5-8254-1B4F8DF46DB1}.Release|Any CPU.ActiveCfg = Release|Any CPU
		{C7E4206E-150F-40F5-8254-1B4F8DF46DB1}.Release|Any CPU.Build.0 = Release|Any CPU
	EndGlobalSection
	GlobalSection(SolutionProperties) = preSolution
		HideSolutionNode = FALSE
	EndGlobalSection
	GlobalSection(NestedProjects) = preSolution
		{334D9F33-2936-4F56-9101-A5506EEDDB2D} = {B314DD63-676E-4EBC-AE86-9B20999404DC}
		{B314DD63-676E-4EBC-AE86-9B20999404DC} = {7223F894-BE5E-489C-8654-115BB9A5AA75}
		{80512440-F4CA-46B8-AFA3-38F97FF3D85B} = {334D9F33-2936-4F56-9101-A5506EEDDB2D}
		{AADAC14A-80C1-4899-B3BD-9F0061DF000D} = {334D9F33-2936-4F56-9101-A5506EEDDB2D}
		{9BBC5875-ED54-4D4E-A194-0DCF1CFB2BF3} = {334D9F33-2936-4F56-9101-A5506EEDDB2D}
		{5FD4F6EE-30CB-479B-8F66-00A584AF2B9E} = {334D9F33-2936-4F56-9101-A5506EEDDB2D}
		{D86BFA7A-B6E9-4CBA-BFC7-D66B46A5766C} = {334D9F33-2936-4F56-9101-A5506EEDDB2D}
		{7B8130D8-DE72-409C-8173-081994C9A1C6} = {D86BFA7A-B6E9-4CBA-BFC7-D66B46A5766C}
		{C7DFAF73-038D-42F8-8C7A-F635279D2B99} = {D86BFA7A-B6E9-4CBA-BFC7-D66B46A5766C}
		{175C7594-3D4B-424C-9993-542DB3B29F9B} = {D86BFA7A-B6E9-4CBA-BFC7-D66B46A5766C}
		{4A26E375-F9CB-4512-9746-EE912254F5E6} = {B314DD63-676E-4EBC-AE86-9B20999404DC}
		{420E7DD1-FD70-4CC8-B8B9-8A5B34877537} = {4A26E375-F9CB-4512-9746-EE912254F5E6}
		{26240B74-8CD7-4BA1-8079-17A1606506AA} = {4A26E375-F9CB-4512-9746-EE912254F5E6}
		{71CAF493-9BF2-4EA3-9BA3-D4E8D3139C9D} = {4A26E375-F9CB-4512-9746-EE912254F5E6}
		{C7E4206E-150F-40F5-8254-1B4F8DF46DB1} = {4A26E375-F9CB-4512-9746-EE912254F5E6}
	EndGlobalSection
	GlobalSection(ExtensibilityGlobals) = postSolution
		SolutionGuid = {393E7866-5C7E-458F-96C8-6C89BDAA2B9B}
	EndGlobalSection
EndGlobal
